
Microsoft Visual Studio Solution File, Format Version 12.00
# Visual Studio Version 17
VisualStudioVersion = 17.11.35327.3
MinimumVisualStudioVersion = 10.0.40219.1
Project("{FAE04EC0-301F-11D3-BF4B-00C04F79EFBC}") = "PlaceOrderApp", "PlaceOrderApp\PlaceOrderApp.csproj", "{C35673DB-7AE7-49D3-96FD-8EF29858C98B}"
EndProject
Global
	GlobalSection(SolutionConfigurationPlatforms) = preSolution
		Debug|Any CPU = Debug|Any CPU
		Release|Any CPU = Release|Any CPU
	EndGlobalSection
	GlobalSection(ProjectConfigurationPlatforms) = postSolution
		{C35673DB-7AE7-49D3-96FD-8EF29858C98B}.Debug|Any CPU.ActiveCfg = Debug|Any CPU
		{C35673DB-7AE7-49D3-96FD-8EF29858C98B}.Debug|Any CPU.Build.0 = Debug|Any CPU
		{C35673DB-7AE7-49D3-96FD-8EF29858C98B}.Release|Any CPU.ActiveCfg = Release|Any CPU
		{C35673DB-7AE7-49D3-96FD-8EF29858C98B}.Release|Any CPU.Build.0 = Release|Any CPU
	EndGlobalSection
	GlobalSection(SolutionProperties) = preSolution
		HideSolutionNode = FALSE
	EndGlobalSection
	GlobalSection(ExtensibilityGlobals) = postSolution
		SolutionGuid = {3759D5D6-465D-4531-9CEF-0A6A706C62D9}
	EndGlobalSection
EndGlobal
